Microsoft Visual Studio Solution File, Format Version 11.00
# Visual Studio 2008

Project("{9494BCBD-1F85-A7BB-B15A-6CA10D64B159}") = "Barrage", "Assembly-CSharp.csproj", "{FF7E31AF-A456-9E02-DDC5-F9B745D17725}"
EndProject
Project("{9494BCBD-1F85-A7BB-B15A-6CA10D64B159}") = "Barrage", "Assembly-UnityScript.unityproj", "{4C629E0B-1D3F-8760-B7E9-787513D4F300}"
EndProject
Global
	GlobalSection(SolutionConfigurationPlatforms) = preSolution
		Debug|Any CPU = Debug|Any CPU
		Release|Any CPU = Release|Any CPU
	EndGlobalSection
	GlobalSection(ProjectConfigurationPlatforms) = postSolution
		{FF7E31AF-A456-9E02-DDC5-F9B745D17725}.Debug|Any CPU.ActiveCfg = Debug|Any CPU
		{FF7E31AF-A456-9E02-DDC5-F9B745D17725}.Debug|Any CPU.Build.0 = Debug|Any CPU
		{FF7E31AF-A456-9E02-DDC5-F9B745D17725}.Release|Any CPU.ActiveCfg = Release|Any CPU
		{FF7E31AF-A456-9E02-DDC5-F9B745D17725}.Release|Any CPU.Build.0 = Release|Any CPU
		{4C629E0B-1D3F-8760-B7E9-787513D4F300}.Debug|Any CPU.ActiveCfg = Debug|Any CPU
		{4C629E0B-1D3F-8760-B7E9-787513D4F300}.Debug|Any CPU.Build.0 = Debug|Any CPU
		{4C629E0B-1D3F-8760-B7E9-787513D4F300}.Release|Any CPU.ActiveCfg = Release|Any CPU
		{4C629E0B-1D3F-8760-B7E9-787513D4F300}.Release|Any CPU.Build.0 = Release|Any CPU
	EndGlobalSection
	GlobalSection(SolutionProperties) = preSolution
		HideSolutionNode = FALSE
	EndGlobalSection
																																																																					GlobalSection(MonoDevelopProperties) = preSolution
		StartupItem = Assembly-CSharp.csproj
		Policies = $0
		$0.TextStylePolicy = $1
		$1.inheritsSet = null
		$1.scope = text/x-csharp
		$0.CSharpFormattingPolicy = $2
		$2.inheritsSet = Mono
		$2.inheritsScope = text/x-csharp
		$2.scope = text/x-csharp
		$0.TextStylePolicy = $3
		$3.FileWidth = 120
		$3.TabWidth = 4
		$3.EolMarker = Unix
		$3.inheritsSet = Mono
		$3.inheritsScope = text/plain
		$3.scope = text/plain
	EndGlobalSection

EndGlobal
